
Microsoft Visual Studio Solution File, Format Version 12.00
# Visual Studio 15
VisualStudioVersion = 15.0.26430.12
MinimumVisualStudioVersion = 10.0.40219.1
Project("{A07B5EB6-E848-4116-A8D0-A826331D98C6}") = "FabricClusterMonitor", "FabricClusterMonitor\FabricClusterMonitor.sfproj", "{6BC7CBE9-6137-4DC7-B37B-D2D47CBE5266}"
EndProject
Project("{9A19103F-16F7-4668-BE54-9A1E7A4F7556}") = "FabricEventMonitorService", "FabricEventMonitorService\FabricEventMonitorService.csproj", "{D5150601-12A3-4B98-AB27-1644E632DF85}"
EndProject
Global
	GlobalSection(SolutionConfigurationPlatforms) = preSolution
		Debug|x64 = Debug|x64
		Release|x64 = Release|x64
	EndGlobalSection
	GlobalSection(ProjectConfigurationPlatforms) = postSolution
		{6BC7CBE9-6137-4DC7-B37B-D2D47CBE5266}.Debug|x64.ActiveCfg = Debug|x64
		{6BC7CBE9-6137-4DC7-B37B-D2D47CBE5266}.Debug|x64.Build.0 = Debug|x64
		{6BC7CBE9-6137-4DC7-B37B-D2D47CBE5266}.Debug|x64.Deploy.0 = Debug|x64
		{6BC7CBE9-6137-4DC7-B37B-D2D47CBE5266}.Release|x64.ActiveCfg = Release|x64
		{6BC7CBE9-6137-4DC7-B37B-D2D47CBE5266}.Release|x64.Build.0 = Release|x64
		{6BC7CBE9-6137-4DC7-B37B-D2D47CBE5266}.Release|x64.Deploy.0 = Release|x64
		{D5150601-12A3-4B98-AB27-1644E632DF85}.Debug|x64.ActiveCfg = Debug|Any CPU
		{D5150601-12A3-4B98-AB27-1644E632DF85}.Debug|x64.Build.0 = Debug|Any CPU
		{D5150601-12A3-4B98-AB27-1644E632DF85}.Release|x64.ActiveCfg = Release|Any CPU
		{D5150601-12A3-4B98-AB27-1644E632DF85}.Release|x64.Build.0 = Release|Any CPU
	EndGlobalSection
	GlobalSection(SolutionProperties) = preSolution
		HideSolutionNode = FALSE
	EndGlobalSection
EndGlobal
